
Microsoft Visual Studio Solution File, Format Version 12.00
# Visual Studio Version 17
VisualStudioVersion = 17.0.31808.319
MinimumVisualStudioVersion = 10.0.40219.1
Project("{888888A0-9F3D-457C-B088-3A5042F75D52}") = "SensorTagPython", "SensorTagPython\SensorTagPython.pyproj", "{3DEB79FB-AADF-46CA-BD7B-CCA10D173B41}"
EndProject
Global
	GlobalSection(SolutionConfigurationPlatforms) = preSolution
		Debug|Any CPU = Debug|Any CPU
		Release|Any CPU = Release|Any CPU
	EndGlobalSection
	GlobalSection(ProjectConfigurationPlatforms) = postSolution
		{3DEB79FB-AADF-46CA-BD7B-CCA10D173B41}.Debug|Any CPU.ActiveCfg = Debug|Any CPU
		{3DEB79FB-AADF-46CA-BD7B-CCA10D173B41}.Release|Any CPU.ActiveCfg = Release|Any CPU
	EndGlobalSection
	GlobalSection(SolutionProperties) = preSolution
		HideSolutionNode = FALSE
	EndGlobalSection
	GlobalSection(ExtensibilityGlobals) = postSolution
		SolutionGuid = {A5B68D8F-47CF-46A3-8CCF-C7FE03C94A51}
	EndGlobalSection
EndGlobal
